
Microsoft Visual Studio Solution File, Format Version 12.00
# Visual Studio 14
VisualStudioVersion = 14.0.25420.1
MinimumVisualStudioVersion = 10.0.40219.1
Project("{FAE04EC0-301F-11D3-BF4B-00C04F79EFBC}") = "AplicacionEjemplo", "AplicacionEjemplo\AplicacionEjemplo\AplicacionEjemplo.csproj", "{B1DBFA7A-8178-46DE-9CBE-4ECA46186BAC}"
EndProject
Project("{FAE04EC0-301F-11D3-BF4B-00C04F79EFBC}") = "AplicacionEjemplo.Droid", "AplicacionEjemplo\AplicacionEjemplo.Droid\AplicacionEjemplo.Droid.csproj", "{B33245F0-1991-449D-96CA-DB8E399441CA}"
EndProject
Project("{FAE04EC0-301F-11D3-BF4B-00C04F79EFBC}") = "AplicacionEjemplo.iOS", "AplicacionEjemplo\AplicacionEjemplo.iOS\AplicacionEjemplo.iOS.csproj", "{DD762AEA-4258-47C9-AF23-74C220F2D834}"
EndProject
Project("{FAE04EC0-301F-11D3-BF4B-00C04F79EFBC}") = "AplicacionEjemplo.WinPhone", "AplicacionEjemplo\AplicacionEjemplo.WinPhone\AplicacionEjemplo.WinPhone.csproj", "{185FED21-4D26-4F46-81BD-BD836121FE85}"
EndProject
Project("{FAE04EC0-301F-11D3-BF4B-00C04F79EFBC}") = "AplicacionEjemplo.UWP", "AplicacionEjemplo\AplicacionEjemplo.UWP\AplicacionEjemplo.UWP.csproj", "{A725F98A-7C36-45C6-A2C9-3563B244A963}"
EndProject
Project("{FAE04EC0-301F-11D3-BF4B-00C04F79EFBC}") = "AplicacionEjemplo.Windows", "AplicacionEjemplo\AplicacionEjemplo.Windows\AplicacionEjemplo.Windows.csproj", "{781FF0C5-FA21-49E8-8B65-02248E2F14EA}"
EndProject
Global
	GlobalSection(SolutionConfigurationPlatforms) = preSolution
		Ad-Hoc|Any CPU = Ad-Hoc|Any CPU
		Ad-Hoc|ARM = Ad-Hoc|ARM
		Ad-Hoc|iPhone = Ad-Hoc|iPhone
		Ad-Hoc|iPhoneSimulator = Ad-Hoc|iPhoneSimulator
		Ad-Hoc|x64 = Ad-Hoc|x64
		Ad-Hoc|x86 = Ad-Hoc|x86
		AppStore|Any CPU = AppStore|Any CPU
		AppStore|ARM = AppStore|ARM
		AppStore|iPhone = AppStore|iPhone
		AppStore|iPhoneSimulator = AppStore|iPhoneSimulator
		AppStore|x64 = AppStore|x64
		AppStore|x86 = AppStore|x86
		Debug|Any CPU = Debug|Any CPU
		Debug|ARM = Debug|ARM
		Debug|iPhone = Debug|iPhone
		Debug|iPhoneSimulator = Debug|iPhoneSimulator
		Debug|x64 = Debug|x64
		Debug|x86 = Debug|x86
		Release|Any CPU = Release|Any CPU
		Release|ARM = Release|ARM
		Release|iPhone = Release|iPhone
		Release|iPhoneSimulator = Release|iPhoneSimulator
		Release|x64 = Release|x64
		Release|x86 = Release|x86
	EndGlobalSection
	GlobalSection(ProjectConfigurationPlatforms) = postSolution
		{B1DBFA7A-8178-46DE-9CBE-4ECA46186BAC}.Ad-Hoc|Any CPU.ActiveCfg = Release|Any CPU
		{B1DBFA7A-8178-46DE-9CBE-4ECA46186BAC}.Ad-Hoc|Any CPU.Build.0 = Release|Any CPU
		{B1DBFA7A-8178-46DE-9CBE-4ECA46186BAC}.Ad-Hoc|ARM.ActiveCfg = Release|Any CPU
		{B1DBFA7A-8178-46DE-9CBE-4ECA46186BAC}.Ad-Hoc|ARM.Build.0 = Release|Any CPU
		{B1DBFA7A-8178-46DE-9CBE-4ECA46186BAC}.Ad-Hoc|iPhone.ActiveCfg = Release|Any CPU
		{B1DBFA7A-8178-46DE-9CBE-4ECA46186BAC}.Ad-Hoc|iPhone.Build.0 = Release|Any CPU
		{B1DBFA7A-8178-46DE-9CBE-4ECA46186BAC}.Ad-Hoc|iPhoneSimulator.ActiveCfg = Release|Any CPU
		{B1DBFA7A-8178-46DE-9CBE-4ECA46186BAC}.Ad-Hoc|iPhoneSimulator.Build.0 = Release|Any CPU
		{B1DBFA7A-8178-46DE-9CBE-4ECA46186BAC}.Ad-Hoc|x64.ActiveCfg = Release|Any CPU
		{B1DBFA7A-8178-46DE-9CBE-4ECA46186BAC}.Ad-Hoc|x64.Build.0 = Release|Any CPU
		{B1DBFA7A-8178-46DE-9CBE-4ECA46186BAC}.Ad-Hoc|x86.ActiveCfg = Release|Any CPU
		{B1DBFA7A-8178-46DE-9CBE-4ECA46186BAC}.Ad-Hoc|x86.Build.0 = Release|Any CPU
		{B1DBFA7A-8178-46DE-9CBE-4ECA46186BAC}.AppStore|Any CPU.ActiveCfg = Release|Any CPU
		{B1DBFA7A-8178-46DE-9CBE-4ECA46186BAC}.AppStore|Any CPU.Build.0 = Release|Any CPU
		{B1DBFA7A-8178-46DE-9CBE-4ECA46186BAC}.AppStore|ARM.ActiveCfg = Release|Any CPU
		{B1DBFA7A-8178-46DE-9CBE-4ECA46186BAC}.AppStore|ARM.Build.0 = Release|Any CPU
		{B1DBFA7A-8178-46DE-9CBE-4ECA46186BAC}.AppStore|iPhone.ActiveCfg = Release|Any CPU
		{B1DBFA7A-8178-46DE-9CBE-4ECA46186BAC}.AppStore|iPhone.Build.0 = Release|Any CPU
		{B1DBFA7A-8178-46DE-9CBE-4ECA46186BAC}.AppStore|iPhoneSimulator.ActiveCfg = Release|Any CPU
		{B1DBFA7A-8178-46DE-9CBE-4ECA46186BAC}.AppStore|iPhoneSimulator.Build.0 = Release|Any CPU
		{B1DBFA7A-8178-46DE-9CBE-4ECA46186BAC}.AppStore|x64.ActiveCfg = Release|Any CPU
		{B1DBFA7A-8178-46DE-9CBE-4ECA46186BAC}.AppStore|x64.Build.0 = Release|Any CPU
		{B1DBFA7A-8178-46DE-9CBE-4ECA46186BAC}.AppStore|x86.ActiveCfg = Release|Any CPU
		{B1DBFA7A-8178-46DE-9CBE-4ECA46186BAC}.AppStore|x86.Build.0 = Release|Any CPU
		{B1DBFA7A-8178-46DE-9CBE-4ECA46186BAC}.Debug|Any CPU.ActiveCfg = Debug|Any CPU
		{B1DBFA7A-8178-46DE-9CBE-4ECA46186BAC}.Debug|Any CPU.Build.0 = Debug|Any CPU
		{B1DBFA7A-8178-46DE-9CBE-4ECA46186BAC}.Debug|ARM.ActiveCfg = Debug|Any CPU
		{B1DBFA7A-8178-46DE-9CBE-4ECA46186BAC}.Debug|ARM.Build.0 = Debug|Any CPU
		{B1DBFA7A-8178-46DE-9CBE-4ECA46186BAC}.Debug|iPhone.ActiveCfg = Debug|Any CPU
		{B1DBFA7A-8178-46DE-9CBE-4ECA46186BAC}.Debug|iPhone.Build.0 = Debug|Any CPU
		{B1DBFA7A-8178-46DE-9CBE-4ECA46186BAC}.Debug|iPhoneSimulator.ActiveCfg = Debug|Any CPU
		{B1DBFA7A-8178-46DE-9CBE-4ECA46186BAC}.Debug|iPhoneSimulator.Build.0 = Debug|Any CPU
		{B1DBFA7A-8178-46DE-9CBE-4ECA46186BAC}.Debug|x64.ActiveCfg = Debug|Any CPU
		{B1DBFA7A-8178-46DE-9CBE-4ECA46186BAC}.Debug|x64.Build.0 = Debug|Any CPU
		{B1DBFA7A-8178-46DE-9CBE-4ECA46186BAC}.Debug|x86.ActiveCfg = Debug|Any CPU
		{B1DBFA7A-8178-46DE-9CBE-4ECA46186BAC}.Debug|x86.Build.0 = Debug|Any CPU
		{B1DBFA7A-8178-46DE-9CBE-4ECA46186BAC}.Release|Any CPU.ActiveCfg = Release|Any CPU
		{B1DBFA7A-8178-46DE-9CBE-4ECA46186BAC}.Release|Any CPU.Build.0 = Release|Any CPU
		{B1DBFA7A-8178-46DE-9CBE-4ECA46186BAC}.Release|ARM.ActiveCfg = Release|Any CPU
		{B1DBFA7A-8178-46DE-9CBE-4ECA46186BAC}.Release|ARM.Build.0 = Release|Any CPU
		{B1DBFA7A-8178-46DE-9CBE-4ECA46186BAC}.Release|iPhone.ActiveCfg = Release|Any CPU
		{B1DBFA7A-8178-46DE-9CBE-4ECA46186BAC}.Release|iPhone.Build.0 = Release|Any CPU
		{B1DBFA7A-8178-46DE-9CBE-4ECA46186BAC}.Release|iPhoneSimulator.ActiveCfg = Release|Any CPU
		{B1DBFA7A-8178-46DE-9CBE-4ECA46186BAC}.Release|iPhoneSimulator.Build.0 = Release|Any CPU
		{B1DBFA7A-8178-46DE-9CBE-4ECA46186BAC}.Release|x64.ActiveCfg = Release|Any CPU
		{B1DBFA7A-8178-46DE-9CBE-4ECA46186BAC}.Release|x64.Build.0 = Release|Any CPU
		{B1DBFA7A-8178-46DE-9CBE-4ECA46186BAC}.Release|x86.ActiveCfg = Release|Any CPU
		{B1DBFA7A-8178-46DE-9CBE-4ECA46186BAC}.Release|x86.Build.0 = Release|Any CPU
		{B33245F0-1991-449D-96CA-DB8E399441CA}.Ad-Hoc|Any CPU.ActiveCfg = Release|Any CPU
		{B33245F0-1991-449D-96CA-DB8E399441CA}.Ad-Hoc|Any CPU.Build.0 = Release|Any CPU
		{B33245F0-1991-449D-96CA-DB8E399441CA}.Ad-Hoc|Any CPU.Deploy.0 = Release|Any CPU
		{B33245F0-1991-449D-96CA-DB8E399441CA}.Ad-Hoc|ARM.ActiveCfg = Release|Any CPU
		{B33245F0-1991-449D-96CA-DB8E399441CA}.Ad-Hoc|ARM.Build.0 = Release|Any CPU
		{B33245F0-1991-449D-96CA-DB8E399441CA}.Ad-Hoc|ARM.Deploy.0 = Release|Any CPU
		{B33245F0-1991-449D-96CA-DB8E399441CA}.Ad-Hoc|iPhone.ActiveCfg = Release|Any CPU
		{B33245F0-1991-449D-96CA-DB8E399441CA}.Ad-Hoc|iPhone.Build.0 = Release|Any CPU
		{B33245F0-1991-449D-96CA-DB8E399441CA}.Ad-Hoc|iPhone.Deploy.0 = Release|Any CPU
		{B33245F0-1991-449D-96CA-DB8E399441CA}.Ad-Hoc|iPhoneSimulator.ActiveCfg = Release|Any CPU
		{B33245F0-1991-449D-96CA-DB8E399441CA}.Ad-Hoc|iPhoneSimulator.Build.0 = Release|Any CPU
		{B33245F0-1991-449D-96CA-DB8E399441CA}.Ad-Hoc|iPhoneSimulator.Deploy.0 = Release|Any CPU
		{B33245F0-1991-449D-96CA-DB8E399441CA}.Ad-Hoc|x64.ActiveCfg = Release|Any CPU
		{B33245F0-1991-449D-96CA-DB8E399441CA}.Ad-Hoc|x64.Build.0 = Release|Any CPU
		{B33245F0-1991-449D-96CA-DB8E399441CA}.Ad-Hoc|x64.Deploy.0 = Release|Any CPU
		{B33245F0-1991-449D-96CA-DB8E399441CA}.Ad-Hoc|x86.ActiveCfg = Release|Any CPU
		{B33245F0-1991-449D-96CA-DB8E399441CA}.Ad-Hoc|x86.Build.0 = Release|Any CPU
		{B33245F0-1991-449D-96CA-DB8E399441CA}.Ad-Hoc|x86.Deploy.0 = Release|Any CPU
		{B33245F0-1991-449D-96CA-DB8E399441CA}.AppStore|Any CPU.ActiveCfg = Release|Any CPU
		{B33245F0-1991-449D-96CA-DB8E399441CA}.AppStore|Any CPU.Build.0 = Release|Any CPU
		{B33245F0-1991-449D-96CA-DB8E399441CA}.AppStore|Any CPU.Deploy.0 = Release|Any CPU
		{B33245F0-1991-449D-96CA-DB8E399441CA}.AppStore|ARM.ActiveCfg = Release|Any CPU
		{B33245F0-1991-449D-96CA-DB8E399441CA}.AppStore|ARM.Build.0 = Release|Any CPU
		{B33245F0-1991-449D-96CA-DB8E399441CA}.AppStore|ARM.Deploy.0 = Release|Any CPU
		{B33245F0-1991-449D-96CA-DB8E399441CA}.AppStore|iPhone.ActiveCfg = Release|Any CPU
		{B33245F0-1991-449D-96CA-DB8E399441CA}.AppStore|iPhone.Build.0 = Release|Any CPU
		{B33245F0-1991-449D-96CA-DB8E399441CA}.AppStore|iPhone.Deploy.0 = Release|Any CPU
		{B33245F0-1991-449D-96CA-DB8E399441CA}.AppStore|iPhoneSimulator.ActiveCfg = Release|Any CPU
		{B33245F0-1991-449D-96CA-DB8E399441CA}.AppStore|iPhoneSimulator.Build.0 = Release|Any CPU
		{B33245F0-1991-449D-96CA-DB8E399441CA}.AppStore|iPhoneSimulator.Deploy.0 = Release|Any CPU
		{B33245F0-1991-449D-96CA-DB8E399441CA}.AppStore|x64.ActiveCfg = Release|Any CPU
		{B33245F0-1991-449D-96CA-DB8E399441CA}.AppStore|x64.Build.0 = Release|Any CPU
		{B33245F0-1991-449D-96CA-DB8E399441CA}.AppStore|x64.Deploy.0 = Release|Any CPU
		{B33245F0-1991-449D-96CA-DB8E399441CA}.AppStore|x86.ActiveCfg = Release|Any CPU
		{B33245F0-1991-449D-96CA-DB8E399441CA}.AppStore|x86.Build.0 = Release|Any CPU
		{B33245F0-1991-449D-96CA-DB8E399441CA}.AppStore|x86.Deploy.0 = Release|Any CPU
		{B33245F0-1991-449D-96CA-DB8E399441CA}.Debug|Any CPU.ActiveCfg = Debug|Any CPU
		{B33245F0-1991-449D-96CA-DB8E399441CA}.Debug|Any CPU.Build.0 = Debug|Any CPU
		{B33245F0-1991-449D-96CA-DB8E399441CA}.Debug|Any CPU.Deploy.0 = Debug|Any CPU
		{B33245F0-1991-449D-96CA-DB8E399441CA}.Debug|ARM.ActiveCfg = Debug|Any CPU
		{B33245F0-1991-449D-96CA-DB8E399441CA}.Debug|ARM.Build.0 = Debug|Any CPU
		{B33245F0-1991-449D-96CA-DB8E399441CA}.Debug|ARM.Deploy.0 = Debug|Any CPU
		{B33245F0-1991-449D-96CA-DB8E399441CA}.Debug|iPhone.ActiveCfg = Debug|Any CPU
		{B33245F0-1991-449D-96CA-DB8E399441CA}.Debug|iPhone.Build.0 = Debug|Any CPU
		{B33245F0-1991-449D-96CA-DB8E399441CA}.Debug|iPhone.Deploy.0 = Debug|Any CPU
		{B33245F0-1991-449D-96CA-DB8E399441CA}.Debug|iPhoneSimulator.ActiveCfg = Debug|Any CPU
		{B33245F0-1991-449D-96CA-DB8E399441CA}.Debug|iPhoneSimulator.Build.0 = Debug|Any CPU
		{B33245F0-1991-449D-96CA-DB8E399441CA}.Debug|iPhoneSimulator.Deploy.0 = Debug|Any CPU
		{B33245F0-1991-449D-96CA-DB8E399441CA}.Debug|x64.ActiveCfg = Debug|Any CPU
		{B33245F0-1991-449D-96CA-DB8E399441CA}.Debug|x64.Build.0 = Debug|Any CPU
		{B33245F0-1991-449D-96CA-DB8E399441CA}.Debug|x64.Deploy.0 = Debug|Any CPU
		{B33245F0-1991-449D-96CA-DB8E399441CA}.Debug|x86.ActiveCfg = Debug|Any CPU
		{B33245F0-1991-449D-96CA-DB8E399441CA}.Debug|x86.Build.0 = Debug|Any CPU
		{B33245F0-1991-449D-96CA-DB8E399441CA}.Debug|x86.Deploy.0 = Debug|Any CPU
		{B33245F0-1991-449D-96CA-DB8E399441CA}.Release|Any CPU.ActiveCfg = Release|Any CPU
		{B33245F0-1991-449D-96CA-DB8E399441CA}.Release|Any CPU.Build.0 = Release|Any CPU
		{B33245F0-1991-449D-96CA-DB8E399441CA}.Release|Any CPU.Deploy.0 = Release|Any CPU
		{B33245F0-1991-449D-96CA-DB8E399441CA}.Release|ARM.ActiveCfg = Release|Any CPU
		{B33245F0-1991-449D-96CA-DB8E399441CA}.Release|ARM.Build.0 = Release|Any CPU
		{B33245F0-1991-449D-96CA-DB8E399441CA}.Release|ARM.Deploy.0 = Release|Any CPU
		{B33245F0-1991-449D-96CA-DB8E399441CA}.Release|iPhone.ActiveCfg = Release|Any CPU
		{B33245F0-1991-449D-96CA-DB8E399441CA}.Release|iPhone.Build.0 = Release|Any CPU
		{B33245F0-1991-449D-96CA-DB8E399441CA}.Release|iPhone.Deploy.0 = Release|Any CPU
		{B33245F0-1991-449D-96CA-DB8E399441CA}.Release|iPhoneSimulator.ActiveCfg = Release|Any CPU
		{B33245F0-1991-449D-96CA-DB8E399441CA}.Release|iPhoneSimulator.Build.0 = Release|Any CPU
		{B33245F0-1991-449D-96CA-DB8E399441CA}.Release|iPhoneSimulator.Deploy.0 = Release|Any CPU
		{B33245F0-1991-449D-96CA-DB8E399441CA}.Release|x64.ActiveCfg = Release|Any CPU
		{B33245F0-1991-449D-96CA-DB8E399441CA}.Release|x64.Build.0 = Release|Any CPU
		{B33245F0-1991-449D-96CA-DB8E399441CA}.Release|x64.Deploy.0 = Release|Any CPU
		{B33245F0-1991-449D-96CA-DB8E399441CA}.Release|x86.ActiveCfg = Release|Any CPU
		{B33245F0-1991-449D-96CA-DB8E399441CA}.Release|x86.Build.0 = Release|Any CPU
		{B33245F0-1991-449D-96CA-DB8E399441CA}.Release|x86.Deploy.0 = Release|Any CPU
		{DD762AEA-4258-47C9-AF23-74C220F2D834}.Ad-Hoc|Any CPU.ActiveCfg = Ad-Hoc|iPhone
		{DD762AEA-4258-47C9-AF23-74C220F2D834}.Ad-Hoc|ARM.ActiveCfg = Ad-Hoc|iPhone
		{DD762AEA-4258-47C9-AF23-74C220F2D834}.Ad-Hoc|iPhone.ActiveCfg = Ad-Hoc|iPhone
		{DD762AEA-4258-47C9-AF23-74C220F2D834}.Ad-Hoc|iPhone.Build.0 = Ad-Hoc|iPhone
		{DD762AEA-4258-47C9-AF23-74C220F2D834}.Ad-Hoc|iPhoneSimulator.ActiveCfg = Ad-Hoc|iPhoneSimulator
		{DD762AEA-4258-47C9-AF23-74C220F2D834}.Ad-Hoc|iPhoneSimulator.Build.0 = Ad-Hoc|iPhoneSimulator
		{DD762AEA-4258-47C9-AF23-74C220F2D834}.Ad-Hoc|x64.ActiveCfg = Ad-Hoc|iPhone
		{DD762AEA-4258-47C9-AF23-74C220F2D834}.Ad-Hoc|x86.ActiveCfg = Ad-Hoc|iPhone
		{DD762AEA-4258-47C9-AF23-74C220F2D834}.AppStore|Any CPU.ActiveCfg = AppStore|iPhone
		{DD762AEA-4258-47C9-AF23-74C220F2D834}.AppStore|ARM.ActiveCfg = AppStore|iPhone
		{DD762AEA-4258-47C9-AF23-74C220F2D834}.AppStore|iPhone.ActiveCfg = AppStore|iPhone
		{DD762AEA-4258-47C9-AF23-74C220F2D834}.AppStore|iPhone.Build.0 = AppStore|iPhone
		{DD762AEA-4258-47C9-AF23-74C220F2D834}.AppStore|iPhoneSimulator.ActiveCfg = AppStore|iPhoneSimulator
		{DD762AEA-4258-47C9-AF23-74C220F2D834}.AppStore|iPhoneSimulator.Build.0 = AppStore|iPhoneSimulator
		{DD762AEA-4258-47C9-AF23-74C220F2D834}.AppStore|x64.ActiveCfg = AppStore|iPhone
		{DD762AEA-4258-47C9-AF23-74C220F2D834}.AppStore|x86.ActiveCfg = AppStore|iPhone
		{DD762AEA-4258-47C9-AF23-74C220F2D834}.Debug|Any CPU.ActiveCfg = Debug|iPhone
		{DD762AEA-4258-47C9-AF23-74C220F2D834}.Debug|ARM.ActiveCfg = Debug|iPhone
		{DD762AEA-4258-47C9-AF23-74C220F2D834}.Debug|iPhone.ActiveCfg = Debug|iPhone
		{DD762AEA-4258-47C9-AF23-74C220F2D834}.Debug|iPhone.Build.0 = Debug|iPhone
		{DD762AEA-4258-47C9-AF23-74C220F2D834}.Debug|iPhoneSimulator.ActiveCfg = Debug|iPhoneSimulator
		{DD762AEA-4258-47C9-AF23-74C220F2D834}.Debug|iPhoneSimulator.Build.0 = Debug|iPhoneSimulator
		{DD762AEA-4258-47C9-AF23-74C220F2D834}.Debug|x64.ActiveCfg = Debug|iPhone
		{DD762AEA-4258-47C9-AF23-74C220F2D834}.Debug|x86.ActiveCfg = Debug|iPhone
		{DD762AEA-4258-47C9-AF23-74C220F2D834}.Release|Any CPU.ActiveCfg = Release|iPhone
		{DD762AEA-4258-47C9-AF23-74C220F2D834}.Release|ARM.ActiveCfg = Release|iPhone
		{DD762AEA-4258-47C9-AF23-74C220F2D834}.Release|iPhone.ActiveCfg = Release|iPhone
		{DD762AEA-4258-47C9-AF23-74C220F2D834}.Release|iPhone.Build.0 = Release|iPhone
		{DD762AEA-4258-47C9-AF23-74C220F2D834}.Release|iPhoneSimulator.ActiveCfg = Release|iPhoneSimulator
		{DD762AEA-4258-47C9-AF23-74C220F2D834}.Release|iPhoneSimulator.Build.0 = Release|iPhoneSimulator
		{DD762AEA-4258-47C9-AF23-74C220F2D834}.Release|x64.ActiveCfg = Release|iPhone
		{DD762AEA-4258-47C9-AF23-74C220F2D834}.Release|x86.ActiveCfg = Release|iPhone
		{185FED21-4D26-4F46-81BD-BD836121FE85}.Ad-Hoc|Any CPU.ActiveCfg = Release|Any CPU
		{185FED21-4D26-4F46-81BD-BD836121FE85}.Ad-Hoc|Any CPU.Build.0 = Release|Any CPU
		{185FED21-4D26-4F46-81BD-BD836121FE85}.Ad-Hoc|Any CPU.Deploy.0 = Release|Any CPU
		{185FED21-4D26-4F46-81BD-BD836121FE85}.Ad-Hoc|ARM.ActiveCfg = Release|ARM
		{185FED21-4D26-4F46-81BD-BD836121FE85}.Ad-Hoc|ARM.Build.0 = Release|ARM
		{185FED21-4D26-4F46-81BD-BD836121FE85}.Ad-Hoc|ARM.Deploy.0 = Release|ARM
		{185FED21-4D26-4F46-81BD-BD836121FE85}.Ad-Hoc|iPhone.ActiveCfg = Release|Any CPU
		{185FED21-4D26-4F46-81BD-BD836121FE85}.Ad-Hoc|iPhone.Build.0 = Release|Any CPU
		{185FED21-4D26-4F46-81BD-BD836121FE85}.Ad-Hoc|iPhone.Deploy.0 = Release|Any CPU
		{185FED21-4D26-4F46-81BD-BD836121FE85}.Ad-Hoc|iPhoneSimulator.ActiveCfg = Release|Any CPU
		{185FED21-4D26-4F46-81BD-BD836121FE85}.Ad-Hoc|iPhoneSimulator.Build.0 = Release|Any CPU
		{185FED21-4D26-4F46-81BD-BD836121FE85}.Ad-Hoc|iPhoneSimulator.Deploy.0 = Release|Any CPU
		{185FED21-4D26-4F46-81BD-BD836121FE85}.Ad-Hoc|x64.ActiveCfg = Release|Any CPU
		{185FED21-4D26-4F46-81BD-BD836121FE85}.Ad-Hoc|x64.Build.0 = Release|Any CPU
		{185FED21-4D26-4F46-81BD-BD836121FE85}.Ad-Hoc|x64.Deploy.0 = Release|Any CPU
		{185FED21-4D26-4F46-81BD-BD836121FE85}.Ad-Hoc|x86.ActiveCfg = Release|x86
		{185FED21-4D26-4F46-81BD-BD836121FE85}.Ad-Hoc|x86.Build.0 = Release|x86
		{185FED21-4D26-4F46-81BD-BD836121FE85}.Ad-Hoc|x86.Deploy.0 = Release|x86
		{185FED21-4D26-4F46-81BD-BD836121FE85}.AppStore|Any CPU.ActiveCfg = Release|Any CPU
		{185FED21-4D26-4F46-81BD-BD836121FE85}.AppStore|Any CPU.Build.0 = Release|Any CPU
		{185FED21-4D26-4F46-81BD-BD836121FE85}.AppStore|Any CPU.Deploy.0 = Release|Any CPU
		{185FED21-4D26-4F46-81BD-BD836121FE85}.AppStore|ARM.ActiveCfg = Release|ARM
		{185FED21-4D26-4F46-81BD-BD836121FE85}.AppStore|ARM.Build.0 = Release|ARM
		{185FED21-4D26-4F46-81BD-BD836121FE85}.AppStore|ARM.Deploy.0 = Release|ARM
		{185FED21-4D26-4F46-81BD-BD836121FE85}.AppStore|iPhone.ActiveCfg = Release|Any CPU
		{185FED21-4D26-4F46-81BD-BD836121FE85}.AppStore|iPhone.Build.0 = Release|Any CPU
		{185FED21-4D26-4F46-81BD-BD836121FE85}.AppStore|iPhone.Deploy.0 = Release|Any CPU
		{185FED21-4D26-4F46-81BD-BD836121FE85}.AppStore|iPhoneSimulator.ActiveCfg = Release|Any CPU
		{185FED21-4D26-4F46-81BD-BD836121FE85}.AppStore|iPhoneSimulator.Build.0 = Release|Any CPU
		{185FED21-4D26-4F46-81BD-BD836121FE85}.AppStore|iPhoneSimulator.Deploy.0 = Release|Any CPU
		{185FED21-4D26-4F46-81BD-BD836121FE85}.AppStore|x64.ActiveCfg = Release|Any CPU
		{185FED21-4D26-4F46-81BD-BD836121FE85}.AppStore|x64.Build.0 = Release|Any CPU
		{185FED21-4D26-4F46-81BD-BD836121FE85}.AppStore|x64.Deploy.0 = Release|Any CPU
		{185FED21-4D26-4F46-81BD-BD836121FE85}.AppStore|x86.ActiveCfg = Release|x86
		{185FED21-4D26-4F46-81BD-BD836121FE85}.AppStore|x86.Build.0 = Release|x86
		{185FED21-4D26-4F46-81BD-BD836121FE85}.AppStore|x86.Deploy.0 = Release|x86
		{185FED21-4D26-4F46-81BD-BD836121FE85}.Debug|Any CPU.ActiveCfg = Debug|Any CPU
		{185FED21-4D26-4F46-81BD-BD836121FE85}.Debug|Any CPU.Build.0 = Debug|Any CPU
		{185FED21-4D26-4F46-81BD-BD836121FE85}.Debug|Any CPU.Deploy.0 = Debug|Any CPU
		{185FED21-4D26-4F46-81BD-BD836121FE85}.Debug|ARM.ActiveCfg = Debug|ARM
		{185FED21-4D26-4F46-81BD-BD836121FE85}.Debug|ARM.Build.0 = Debug|ARM
		{185FED21-4D26-4F46-81BD-BD836121FE85}.Debug|ARM.Deploy.0 = Debug|ARM
		{185FED21-4D26-4F46-81BD-BD836121FE85}.Debug|iPhone.ActiveCfg = Debug|Any CPU
		{185FED21-4D26-4F46-81BD-BD836121FE85}.Debug|iPhone.Build.0 = Debug|Any CPU
		{185FED21-4D26-4F46-81BD-BD836121FE85}.Debug|iPhone.Deploy.0 = Debug|Any CPU
		{185FED21-4D26-4F46-81BD-BD836121FE85}.Debug|iPhoneSimulator.ActiveCfg = Debug|Any CPU
		{185FED21-4D26-4F46-81BD-BD836121FE85}.Debug|iPhoneSimulator.Build.0 = Debug|Any CPU
		{185FED21-4D26-4F46-81BD-BD836121FE85}.Debug|iPhoneSimulator.Deploy.0 = Debug|Any CPU
		{185FED21-4D26-4F46-81BD-BD836121FE85}.Debug|x64.ActiveCfg = Debug|Any CPU
		{185FED21-4D26-4F46-81BD-BD836121FE85}.Debug|x64.Build.0 = Debug|Any CPU
		{185FED21-4D26-4F46-81BD-BD836121FE85}.Debug|x64.Deploy.0 = Debug|Any CPU
		{185FED21-4D26-4F46-81BD-BD836121FE85}.Debug|x86.ActiveCfg = Debug|x86
		{185FED21-4D26-4F46-81BD-BD836121FE85}.Debug|x86.Build.0 = Debug|x86
		{185FED21-4D26-4F46-81BD-BD836121FE85}.Debug|x86.Deploy.0 = Debug|x86
		{185FED21-4D26-4F46-81BD-BD836121FE85}.Release|Any CPU.ActiveCfg = Release|Any CPU
		{185FED21-4D26-4F46-81BD-BD836121FE85}.Release|Any CPU.Build.0 = Release|Any CPU
		{185FED21-4D26-4F46-81BD-BD836121FE85}.Release|Any CPU.Deploy.0 = Release|Any CPU
		{185FED21-4D26-4F46-81BD-BD836121FE85}.Release|ARM.ActiveCfg = Release|ARM
		{185FED21-4D26-4F46-81BD-BD836121FE85}.Release|ARM.Build.0 = Release|ARM
		{185FED21-4D26-4F46-81BD-BD836121FE85}.Release|ARM.Deploy.0 = Release|ARM
		{185FED21-4D26-4F46-81BD-BD836121FE85}.Release|iPhone.ActiveCfg = Release|Any CPU
		{185FED21-4D26-4F46-81BD-BD836121FE85}.Release|iPhone.Build.0 = Release|Any CPU
		{185FED21-4D26-4F46-81BD-BD836121FE85}.Release|iPhone.Deploy.0 = Release|Any CPU
		{185FED21-4D26-4F46-81BD-BD836121FE85}.Release|iPhoneSimulator.ActiveCfg = Release|Any CPU
		{185FED21-4D26-4F46-81BD-BD836121FE85}.Release|iPhoneSimulator.Build.0 = Release|Any CPU
		{185FED21-4D26-4F46-81BD-BD836121FE85}.Release|iPhoneSimulator.Deploy.0 = Release|Any CPU
		{185FED21-4D26-4F46-81BD-BD836121FE85}.Release|x64.ActiveCfg = Release|Any CPU
		{185FED21-4D26-4F46-81BD-BD836121FE85}.Release|x64.Build.0 = Release|Any CPU
		{185FED21-4D26-4F46-81BD-BD836121FE85}.Release|x64.Deploy.0 = Release|Any CPU
		{185FED21-4D26-4F46-81BD-BD836121FE85}.Release|x86.ActiveCfg = Release|x86
		{185FED21-4D26-4F46-81BD-BD836121FE85}.Release|x86.Build.0 = Release|x86
		{185FED21-4D26-4F46-81BD-BD836121FE85}.Release|x86.Deploy.0 = Release|x86
		{A725F98A-7C36-45C6-A2C9-3563B244A963}.Ad-Hoc|Any CPU.ActiveCfg = Release|x86
		{A725F98A-7C36-45C6-A2C9-3563B244A963}.Ad-Hoc|Any CPU.Build.0 = Release|x86
		{A725F98A-7C36-45C6-A2C9-3563B244A963}.Ad-Hoc|Any CPU.Deploy.0 = Release|x86
		{A725F98A-7C36-45C6-A2C9-3563B244A963}.Ad-Hoc|ARM.ActiveCfg = Release|ARM
		{A725F98A-7C36-45C6-A2C9-3563B244A963}.Ad-Hoc|ARM.Build.0 = Release|ARM
		{A725F98A-7C36-45C6-A2C9-3563B244A963}.Ad-Hoc|ARM.Deploy.0 = Release|ARM
		{A725F98A-7C36-45C6-A2C9-3563B244A963}.Ad-Hoc|iPhone.ActiveCfg = Release|x86
		{A725F98A-7C36-45C6-A2C9-3563B244A963}.Ad-Hoc|iPhone.Build.0 = Release|x86
		{A725F98A-7C36-45C6-A2C9-3563B244A963}.Ad-Hoc|iPhone.Deploy.0 = Release|x86
		{A725F98A-7C36-45C6-A2C9-3563B244A963}.Ad-Hoc|iPhoneSimulator.ActiveCfg = Release|x86
		{A725F98A-7C36-45C6-A2C9-3563B244A963}.Ad-Hoc|iPhoneSimulator.Build.0 = Release|x86
		{A725F98A-7C36-45C6-A2C9-3563B244A963}.Ad-Hoc|iPhoneSimulator.Deploy.0 = Release|x86
		{A725F98A-7C36-45C6-A2C9-3563B244A963}.Ad-Hoc|x64.ActiveCfg = Release|x64
		{A725F98A-7C36-45C6-A2C9-3563B244A963}.Ad-Hoc|x64.Build.0 = Release|x64
		{A725F98A-7C36-45C6-A2C9-3563B244A963}.Ad-Hoc|x64.Deploy.0 = Release|x64
		{A725F98A-7C36-45C6-A2C9-3563B244A963}.Ad-Hoc|x86.ActiveCfg = Release|x86
		{A725F98A-7C36-45C6-A2C9-3563B244A963}.Ad-Hoc|x86.Build.0 = Release|x86
		{A725F98A-7C36-45C6-A2C9-3563B244A963}.Ad-Hoc|x86.Deploy.0 = Release|x86
		{A725F98A-7C36-45C6-A2C9-3563B244A963}.AppStore|Any CPU.ActiveCfg = Release|x86
		{A725F98A-7C36-45C6-A2C9-3563B244A963}.AppStore|Any CPU.Build.0 = Release|x86
		{A725F98A-7C36-45C6-A2C9-3563B244A963}.AppStore|Any CPU.Deploy.0 = Release|x86
		{A725F98A-7C36-45C6-A2C9-3563B244A963}.AppStore|ARM.ActiveCfg = Release|ARM
		{A725F98A-7C36-45C6-A2C9-3563B244A963}.AppStore|ARM.Build.0 = Release|ARM
		{A725F98A-7C36-45C6-A2C9-3563B244A963}.AppStore|ARM.Deploy.0 = Release|ARM
		{A725F98A-7C36-45C6-A2C9-3563B244A963}.AppStore|iPhone.ActiveCfg = Release|x86
		{A725F98A-7C36-45C6-A2C9-3563B244A963}.AppStore|iPhone.Build.0 = Release|x86
		{A725F98A-7C36-45C6-A2C9-3563B244A963}.AppStore|iPhone.Deploy.0 = Release|x86
		{A725F98A-7C36-45C6-A2C9-3563B244A963}.AppStore|iPhoneSimulator.ActiveCfg = Release|x86
		{A725F98A-7C36-45C6-A2C9-3563B244A963}.AppStore|iPhoneSimulator.Build.0 = Release|x86
		{A725F98A-7C36-45C6-A2C9-3563B244A963}.AppStore|iPhoneSimulator.Deploy.0 = Release|x86
		{A725F98A-7C36-45C6-A2C9-3563B244A963}.AppStore|x64.ActiveCfg = Release|x64
		{A725F98A-7C36-45C6-A2C9-3563B244A963}.AppStore|x64.Build.0 = Release|x64
		{A725F98A-7C36-45C6-A2C9-3563B244A963}.AppStore|x64.Deploy.0 = Release|x64
		{A725F98A-7C36-45C6-A2C9-3563B244A963}.AppStore|x86.ActiveCfg = Release|x86
		{A725F98A-7C36-45C6-A2C9-3563B244A963}.AppStore|x86.Build.0 = Release|x86
		{A725F98A-7C36-45C6-A2C9-3563B244A963}.AppStore|x86.Deploy.0 = Release|x86
		{A725F98A-7C36-45C6-A2C9-3563B244A963}.Debug|Any CPU.ActiveCfg = Debug|x86
		{A725F98A-7C36-45C6-A2C9-3563B244A963}.Debug|ARM.ActiveCfg = Debug|ARM
		{A725F98A-7C36-45C6-A2C9-3563B244A963}.Debug|ARM.Build.0 = Debug|ARM
		{A725F98A-7C36-45C6-A2C9-3563B244A963}.Debug|ARM.Deploy.0 = Debug|ARM
		{A725F98A-7C36-45C6-A2C9-3563B244A963}.Debug|iPhone.ActiveCfg = Debug|x86
		{A725F98A-7C36-45C6-A2C9-3563B244A963}.Debug|iPhoneSimulator.ActiveCfg = Debug|x86
		{A725F98A-7C36-45C6-A2C9-3563B244A963}.Debug|x64.ActiveCfg = Debug|x64
		{A725F98A-7C36-45C6-A2C9-3563B244A963}.Debug|x64.Build.0 = Debug|x64
		{A725F98A-7C36-45C6-A2C9-3563B244A963}.Debug|x64.Deploy.0 = Debug|x64
		{A725F98A-7C36-45C6-A2C9-3563B244A963}.Debug|x86.ActiveCfg = Debug|x86
		{A725F98A-7C36-45C6-A2C9-3563B244A963}.Debug|x86.Build.0 = Debug|x86
		{A725F98A-7C36-45C6-A2C9-3563B244A963}.Debug|x86.Deploy.0 = Debug|x86
		{A725F98A-7C36-45C6-A2C9-3563B244A963}.Release|Any CPU.ActiveCfg = Release|x86
		{A725F98A-7C36-45C6-A2C9-3563B244A963}.Release|ARM.ActiveCfg = Release|ARM
		{A725F98A-7C36-45C6-A2C9-3563B244A963}.Release|ARM.Build.0 = Release|ARM
		{A725F98A-7C36-45C6-A2C9-3563B244A963}.Release|ARM.Deploy.0 = Release|ARM
		{A725F98A-7C36-45C6-A2C9-3563B244A963}.Release|iPhone.ActiveCfg = Release|x86
		{A725F98A-7C36-45C6-A2C9-3563B244A963}.Release|iPhoneSimulator.ActiveCfg = Release|x86
		{A725F98A-7C36-45C6-A2C9-3563B244A963}.Release|x64.ActiveCfg = Release|x64
		{A725F98A-7C36-45C6-A2C9-3563B244A963}.Release|x64.Build.0 = Release|x64
		{A725F98A-7C36-45C6-A2C9-3563B244A963}.Release|x64.Deploy.0 = Release|x64
		{A725F98A-7C36-45C6-A2C9-3563B244A963}.Release|x86.ActiveCfg = Release|x86
		{A725F98A-7C36-45C6-A2C9-3563B244A963}.Release|x86.Build.0 = Release|x86
		{A725F98A-7C36-45C6-A2C9-3563B244A963}.Release|x86.Deploy.0 = Release|x86
		{781FF0C5-FA21-49E8-8B65-02248E2F14EA}.Ad-Hoc|Any CPU.ActiveCfg = Release|Any CPU
		{781FF0C5-FA21-49E8-8B65-02248E2F14EA}.Ad-Hoc|Any CPU.Build.0 = Release|Any CPU
		{781FF0C5-FA21-49E8-8B65-02248E2F14EA}.Ad-Hoc|Any CPU.Deploy.0 = Release|Any CPU
		{781FF0C5-FA21-49E8-8B65-02248E2F14EA}.Ad-Hoc|ARM.ActiveCfg = Release|ARM
		{781FF0C5-FA21-49E8-8B65-02248E2F14EA}.Ad-Hoc|ARM.Build.0 = Release|ARM
		{781FF0C5-FA21-49E8-8B65-02248E2F14EA}.Ad-Hoc|ARM.Deploy.0 = Release|ARM
		{781FF0C5-FA21-49E8-8B65-02248E2F14EA}.Ad-Hoc|iPhone.ActiveCfg = Release|Any CPU
		{781FF0C5-FA21-49E8-8B65-02248E2F14EA}.Ad-Hoc|iPhone.Build.0 = Release|Any CPU
		{781FF0C5-FA21-49E8-8B65-02248E2F14EA}.Ad-Hoc|iPhone.Deploy.0 = Release|Any CPU
		{781FF0C5-FA21-49E8-8B65-02248E2F14EA}.Ad-Hoc|iPhoneSimulator.ActiveCfg = Release|Any CPU
		{781FF0C5-FA21-49E8-8B65-02248E2F14EA}.Ad-Hoc|iPhoneSimulator.Build.0 = Release|Any CPU
		{781FF0C5-FA21-49E8-8B65-02248E2F14EA}.Ad-Hoc|iPhoneSimulator.Deploy.0 = Release|Any CPU
		{781FF0C5-FA21-49E8-8B65-02248E2F14EA}.Ad-Hoc|x64.ActiveCfg = Release|x64
		{781FF0C5-FA21-49E8-8B65-02248E2F14EA}.Ad-Hoc|x64.Build.0 = Release|x64
		{781FF0C5-FA21-49E8-8B65-02248E2F14EA}.Ad-Hoc|x64.Deploy.0 = Release|x64
		{781FF0C5-FA21-49E8-8B65-02248E2F14EA}.Ad-Hoc|x86.ActiveCfg = Release|x86
		{781FF0C5-FA21-49E8-8B65-02248E2F14EA}.Ad-Hoc|x86.Build.0 = Release|x86
		{781FF0C5-FA21-49E8-8B65-02248E2F14EA}.Ad-Hoc|x86.Deploy.0 = Release|x86
		{781FF0C5-FA21-49E8-8B65-02248E2F14EA}.AppStore|Any CPU.ActiveCfg = Release|Any CPU
		{781FF0C5-FA21-49E8-8B65-02248E2F14EA}.AppStore|Any CPU.Build.0 = Release|Any CPU
		{781FF0C5-FA21-49E8-8B65-02248E2F14EA}.AppStore|Any CPU.Deploy.0 = Release|Any CPU
		{781FF0C5-FA21-49E8-8B65-02248E2F14EA}.AppStore|ARM.ActiveCfg = Release|ARM
		{781FF0C5-FA21-49E8-8B65-02248E2F14EA}.AppStore|ARM.Build.0 = Release|ARM
		{781FF0C5-FA21-49E8-8B65-02248E2F14EA}.AppStore|ARM.Deploy.0 = Release|ARM
		{781FF0C5-FA21-49E8-8B65-02248E2F14EA}.AppStore|iPhone.ActiveCfg = Release|Any CPU
		{781FF0C5-FA21-49E8-8B65-02248E2F14EA}.AppStore|iPhone.Build.0 = Release|Any CPU
		{781FF0C5-FA21-49E8-8B65-02248E2F14EA}.AppStore|iPhone.Deploy.0 = Release|Any CPU
		{781FF0C5-FA21-49E8-8B65-02248E2F14EA}.AppStore|iPhoneSimulator.ActiveCfg = Release|Any CPU
		{781FF0C5-FA21-49E8-8B65-02248E2F14EA}.AppStore|iPhoneSimulator.Build.0 = Release|Any CPU
		{781FF0C5-FA21-49E8-8B65-02248E2F14EA}.AppStore|iPhoneSimulator.Deploy.0 = Release|Any CPU
		{781FF0C5-FA21-49E8-8B65-02248E2F14EA}.AppStore|x64.ActiveCfg = Release|x64
		{781FF0C5-FA21-49E8-8B65-02248E2F14EA}.AppStore|x64.Build.0 = Release|x64
		{781FF0C5-FA21-49E8-8B65-02248E2F14EA}.AppStore|x64.Deploy.0 = Release|x64
		{781FF0C5-FA21-49E8-8B65-02248E2F14EA}.AppStore|x86.ActiveCfg = Release|x86
		{781FF0C5-FA21-49E8-8B65-02248E2F14EA}.AppStore|x86.Build.0 = Release|x86
		{781FF0C5-FA21-49E8-8B65-02248E2F14EA}.AppStore|x86.Deploy.0 = Release|x86
		{781FF0C5-FA21-49E8-8B65-02248E2F14EA}.Debug|Any CPU.ActiveCfg = Debug|Any CPU
		{781FF0C5-FA21-49E8-8B65-02248E2F14EA}.Debug|Any CPU.Build.0 = Debug|Any CPU
		{781FF0C5-FA21-49E8-8B65-02248E2F14EA}.Debug|Any CPU.Deploy.0 = Debug|Any CPU
		{781FF0C5-FA21-49E8-8B65-02248E2F14EA}.Debug|ARM.ActiveCfg = Debug|ARM
		{781FF0C5-FA21-49E8-8B65-02248E2F14EA}.Debug|ARM.Build.0 = Debug|ARM
		{781FF0C5-FA21-49E8-8B65-02248E2F14EA}.Debug|ARM.Deploy.0 = Debug|ARM
		{781FF0C5-FA21-49E8-8B65-02248E2F14EA}.Debug|iPhone.ActiveCfg = Debug|Any CPU
		{781FF0C5-FA21-49E8-8B65-02248E2F14EA}.Debug|iPhone.Build.0 = Debug|Any CPU
		{781FF0C5-FA21-49E8-8B65-02248E2F14EA}.Debug|iPhone.Deploy.0 = Debug|Any CPU
		{781FF0C5-FA21-49E8-8B65-02248E2F14EA}.Debug|iPhoneSimulator.ActiveCfg = Debug|Any CPU
		{781FF0C5-FA21-49E8-8B65-02248E2F14EA}.Debug|iPhoneSimulator.Build.0 = Debug|Any CPU
		{781FF0C5-FA21-49E8-8B65-02248E2F14EA}.Debug|iPhoneSimulator.Deploy.0 = Debug|Any CPU
		{781FF0C5-FA21-49E8-8B65-02248E2F14EA}.Debug|x64.ActiveCfg = Debug|x64
		{781FF0C5-FA21-49E8-8B65-02248E2F14EA}.Debug|x64.Build.0 = Debug|x64
		{781FF0C5-FA21-49E8-8B65-02248E2F14EA}.Debug|x64.Deploy.0 = Debug|x64
		{781FF0C5-FA21-49E8-8B65-02248E2F14EA}.Debug|x86.ActiveCfg = Debug|x86
		{781FF0C5-FA21-49E8-8B65-02248E2F14EA}.Debug|x86.Build.0 = Debug|x86
		{781FF0C5-FA21-49E8-8B65-02248E2F14EA}.Debug|x86.Deploy.0 = Debug|x86
		{781FF0C5-FA21-49E8-8B65-02248E2F14EA}.Release|Any CPU.ActiveCfg = Release|Any CPU
		{781FF0C5-FA21-49E8-8B65-02248E2F14EA}.Release|Any CPU.Build.0 = Release|Any CPU
		{781FF0C5-FA21-49E8-8B65-02248E2F14EA}.Release|Any CPU.Deploy.0 = Release|Any CPU
		{781FF0C5-FA21-49E8-8B65-02248E2F14EA}.Release|ARM.ActiveCfg = Release|ARM
		{781FF0C5-FA21-49E8-8B65-02248E2F14EA}.Release|ARM.Build.0 = Release|ARM
		{781FF0C5-FA21-49E8-8B65-02248E2F14EA}.Release|ARM.Deploy.0 = Release|ARM
		{781FF0C5-FA21-49E8-8B65-02248E2F14EA}.Release|iPhone.ActiveCfg = Release|Any CPU
		{781FF0C5-FA21-49E8-8B65-02248E2F14EA}.Release|iPhone.Build.0 = Release|Any CPU
		{781FF0C5-FA21-49E8-8B65-02248E2F14EA}.Release|iPhone.Deploy.0 = Release|Any CPU
		{781FF0C5-FA21-49E8-8B65-02248E2F14EA}.Release|iPhoneSimulator.ActiveCfg = Release|Any CPU
		{781FF0C5-FA21-49E8-8B65-02248E2F14EA}.Release|iPhoneSimulator.Build.0 = Release|Any CPU
		{781FF0C5-FA21-49E8-8B65-02248E2F14EA}.Release|iPhoneSimulator.Deploy.0 = Release|Any CPU
		{781FF0C5-FA21-49E8-8B65-02248E2F14EA}.Release|x64.ActiveCfg = Release|x64
		{781FF0C5-FA21-49E8-8B65-02248E2F14EA}.Release|x64.Build.0 = Release|x64
		{781FF0C5-FA21-49E8-8B65-02248E2F14EA}.Release|x64.Deploy.0 = Release|x64
		{781FF0C5-FA21-49E8-8B65-02248E2F14EA}.Release|x86.ActiveCfg = Release|x86
		{781FF0C5-FA21-49E8-8B65-02248E2F14EA}.Release|x86.Build.0 = Release|x86
		{781FF0C5-FA21-49E8-8B65-02248E2F14EA}.Release|x86.Deploy.0 = Release|x86
	EndGlobalSection
	GlobalSection(SolutionProperties) = preSolution
		HideSolutionNode = FALSE
	EndGlobalSection
EndGlobal
